
Microsoft Visual Studio Solution File, Format Version 12.00
# Visual Studio Version 17
VisualStudioVersion = 17.3.32811.315
MinimumVisualStudioVersion = 10.0.40219.1
Project("{FAE04EC0-301F-11D3-BF4B-00C04F79EFBC}") = "gitDeneme", "gitDeneme\gitDeneme.csproj", "{A37F3219-7A33-4A1E-BA5B-5A3B52906D9B}"
EndProject
Global
	GlobalSection(SolutionConfigurationPlatforms) = preSolution
		Debug|Any CPU = Debug|Any CPU
		Release|Any CPU = Release|Any CPU
	EndGlobalSection
	GlobalSection(ProjectConfigurationPlatforms) = postSolution
		{A37F3219-7A33-4A1E-BA5B-5A3B52906D9B}.Debug|Any CPU.ActiveCfg = Debug|Any CPU
		{A37F3219-7A33-4A1E-BA5B-5A3B52906D9B}.Debug|Any CPU.Build.0 = Debug|Any CPU
		{A37F3219-7A33-4A1E-BA5B-5A3B52906D9B}.Release|Any CPU.ActiveCfg = Release|Any CPU
		{A37F3219-7A33-4A1E-BA5B-5A3B52906D9B}.Release|Any CPU.Build.0 = Release|Any CPU
	EndGlobalSection
	GlobalSection(SolutionProperties) = preSolution
		HideSolutionNode = FALSE
	EndGlobalSection
	GlobalSection(ExtensibilityGlobals) = postSolution
		SolutionGuid = {70DEA43B-C473-40DD-81D3-A8EE85DC5B6E}
	EndGlobalSection
EndGlobal
